
Microsoft Visual Studio Solution File, Format Version 12.00
# Visual Studio Version 17
VisualStudioVersion = 17.3.32929.385
MinimumVisualStudioVersion = 10.0.40219.1
Project("{FAE04EC0-301F-11D3-BF4B-00C04F79EFBC}") = "Ex03.GarageLogic", "Ex03.GarageLogic\Ex03.GarageLogic.csproj", "{55CA1A54-C1FD-48B5-B6C7-9F8AE240D915}"
EndProject
Project("{FAE04EC0-301F-11D3-BF4B-00C04F79EFBC}") = "Ex03.ConsoleUI", "Ex03.ConsoleUI\Ex03.ConsoleUI.csproj", "{BB728964-0CE8-443C-9693-72631939FB9B}"
EndProject
Global
	GlobalSection(SolutionConfigurationPlatforms) = preSolution
		Debug|Any CPU = Debug|Any CPU
		Release|Any CPU = Release|Any CPU
	EndGlobalSection
	GlobalSection(ProjectConfigurationPlatforms) = postSolution
		{55CA1A54-C1FD-48B5-B6C7-9F8AE240D915}.Debug|Any CPU.ActiveCfg = Debug|Any CPU
		{55CA1A54-C1FD-48B5-B6C7-9F8AE240D915}.Debug|Any CPU.Build.0 = Debug|Any CPU
		{55CA1A54-C1FD-48B5-B6C7-9F8AE240D915}.Release|Any CPU.ActiveCfg = Release|Any CPU
		{55CA1A54-C1FD-48B5-B6C7-9F8AE240D915}.Release|Any CPU.Build.0 = Release|Any CPU
		{BB728964-0CE8-443C-9693-72631939FB9B}.Debug|Any CPU.ActiveCfg = Debug|Any CPU
		{BB728964-0CE8-443C-9693-72631939FB9B}.Debug|Any CPU.Build.0 = Debug|Any CPU
		{BB728964-0CE8-443C-9693-72631939FB9B}.Release|Any CPU.ActiveCfg = Release|Any CPU
		{BB728964-0CE8-443C-9693-72631939FB9B}.Release|Any CPU.Build.0 = Release|Any CPU
	EndGlobalSection
	GlobalSection(SolutionProperties) = preSolution
		HideSolutionNode = FALSE
	EndGlobalSection
	GlobalSection(ExtensibilityGlobals) = postSolution
		SolutionGuid = {800EAFF4-FDF2-45A0-9686-2985D4F36980}
	EndGlobalSection
EndGlobal
